
Microsoft Visual Studio Solution File, Format Version 12.00
# Visual Studio Version 16
VisualStudioVersion = 16.0.30523.141
MinimumVisualStudioVersion = 10.0.40219.1
Project("{FAE04EC0-301F-11D3-BF4B-00C04F79EFBC}") = "Zadanie0", "Zadanie0\Zadanie0.csproj", "{CC4C0281-676A-4CB0-864A-C905155BBC63}"
EndProject
Global
	GlobalSection(SolutionConfigurationPlatforms) = preSolution
		Debug|Any CPU = Debug|Any CPU
		Release|Any CPU = Release|Any CPU
	EndGlobalSection
	GlobalSection(ProjectConfigurationPlatforms) = postSolution
		{CC4C0281-676A-4CB0-864A-C905155BBC63}.Debug|Any CPU.ActiveCfg = Debug|Any CPU
		{CC4C0281-676A-4CB0-864A-C905155BBC63}.Debug|Any CPU.Build.0 = Debug|Any CPU
		{CC4C0281-676A-4CB0-864A-C905155BBC63}.Release|Any CPU.ActiveCfg = Release|Any CPU
		{CC4C0281-676A-4CB0-864A-C905155BBC63}.Release|Any CPU.Build.0 = Release|Any CPU
	EndGlobalSection
	GlobalSection(SolutionProperties) = preSolution
		HideSolutionNode = FALSE
	EndGlobalSection
	GlobalSection(ExtensibilityGlobals) = postSolution
		SolutionGuid = {E5229ED7-6B3F-4549-8172-49DB1EAD22A7}
	EndGlobalSection
EndGlobal
